// !$*UTF8*$!
{
	archiveVersion = 1;
	classes = {
	};
	objectVersion = 50;
	objects = {

/* Begin PBXBuildFile section */
		5321ABBE2534EEDA001D8197 /* AppDelegate.swift in Sources */ = {isa = PBXBuildFile; fileRef = 5321ABBD2534EEDA001D8197 /* AppDelegate.swift */; };
		5321ABC02534EEDA001D8197 /* SceneDelegate.swift in Sources */ = {isa = PBXBuildFile; fileRef = 5321ABBF2534EEDA001D8197 /* SceneDelegate.swift */; };
		5321ABC22534EEDA001D8197 /* ViewController.swift in Sources */ = {isa = PBXBuildFile; fileRef = 5321ABC12534EEDA001D8197 /* ViewController.swift */; };
		5321ABC52534EEDA001D8197 /* Main.storyboard in Resources */ = {isa = PBXBuildFile; fileRef = 5321ABC32534EEDA001D8197 /* Main.storyboard */; };
		5321ABC72534EEE5001D8197 /* Assets.xcassets in Resources */ = {isa = PBXBuildFile; fileRef = 5321ABC62534EEE5001D8197 /* Assets.xcassets */; };
		5321ABCA2534EEE5001D8197 /* LaunchScreen.storyboard in Resources */ = {isa = PBXBuildFile; fileRef = 5321ABC82534EEE5001D8197 /* LaunchScreen.storyboard */; };
		5321ABD52534EEE6001D8197 /* WeatherGiftTests.swift in Sources */ = {isa = PBXBuildFile; fileRef = 5321ABD42534EEE6001D8197 /* WeatherGiftTests.swift */; };
		5321ABE02534EEE6001D8197 /* WeatherGiftUITests.swift in Sources */ = {isa = PBXBuildFile; fileRef = 5321ABDF2534EEE6001D8197 /* WeatherGiftUITests.swift */; };
/* End PBXBuildFile section */

/* Begin PBXContainerItemProxy section */
		5321ABD12534EEE6001D8197 /* PBXContainerItemProxy */ = {
			isa = PBXContainerItemProxy;
			containerPortal = 5321ABB22534EEDA001D8197 /* Project object */;
			proxyType = 1;
			remoteGlobalIDString = 5321ABB92534EEDA001D8197;
			remoteInfo = WeatherGift;
		};
		5321ABDC2534EEE6001D8197 /* PBXContainerItemProxy */ = {
			isa = PBXContainerItemProxy;
			containerPortal = 5321ABB22534EEDA001D8197 /* Project object */;
			proxyType = 1;
			remoteGlobalIDString = 5321ABB92534EEDA001D8197;
			remoteInfo = WeatherGift;
		};
/* End PBXContainerItemProxy section */

/* Begin PBXFileReference section */
		5321ABBA2534EEDA001D8197 /* WeatherGift.app */ = {isa = PBXFileReference; explicitFileType = wrapper.application; includeInIndex = 0; path = WeatherGift.app; sourceTree = BUILT_PRODUCTS_DIR; };
		5321ABBD2534EEDA001D8197 /* AppDelegate.swift */ = {isa = PBXFileReference; lastKnownFileType = sourcecode.swift; path = AppDelegate.swift; sourceTree = "<group>"; };
		5321ABBF2534EEDA001D8197 /* SceneDelegate.swift */ = {isa = PBXFileReference; lastKnownFileType = sourcecode.swift; path = SceneDelegate.swift; sourceTree = "<group>"; };
		5321ABC12534EEDA001D8197 /* ViewController.swift */ = {isa = PBXFileReference; lastKnownFileType = sourcecode.swift; path = ViewController.swift; sourceTree = "<group>"; };
		5321ABC42534EEDA001D8197 /* Base */ = {isa = PBXFileReference; lastKnownFileType = file.storyboard; name = Base; path = Base.lproj/Main.storyboard; sourceTree = "<group>"; };
		5321ABC62534EEE5001D8197 /* Assets.xcassets */ = {isa = PBXFileReference; lastKnownFileType = folder.assetcatalog; path = Assets.xcassets; sourceTree = "<group>"; };
		5321ABC92534EEE5001D8197 /* Base */ = {isa = PBXFileReference; lastKnownFileType = file.storyboard; name = Base; path = Base.lproj/LaunchScreen.storyboard; sourceTree = "<group>"; };
		5321ABCB2534EEE5001D8197 /* Info.plist */ = {isa = PBXFileReference; lastKnownFileType = text.plist.xml; path = Info.plist; sourceTree = "<group>"; };
		5321ABD02534EEE6001D8197 /* WeatherGiftTests.xctest */ = {isa = PBXFileReference; explicitFileType = wrapper.cfbundle; includeInIndex = 0; path = WeatherGiftTests.xctest; sourceTree = BUILT_PRODUCTS_DIR; };
		5321ABD42534EEE6001D8197 /* WeatherGiftTests.swift */ = {isa = PBXFileReference; lastKnownFileType = sourcecode.swift; path = WeatherGiftTests.swift; sourceTree = "<group>"; };
		5321ABD62534EEE6001D8197 /* Info.plist */ = {isa = PBXFileReference; lastKnownFileType = text.plist.xml; path = Info.plist; sourceTree = "<group>"; };
		5321ABDB2534EEE6001D8197 /* WeatherGiftUITests.xctest */ = {isa = PBXFileReference; explicitFileType = wrapper.cfbundle; includeInIndex = 0; path = WeatherGiftUITests.xctest; sourceTree = BUILT_PRODUCTS_DIR; };
		5321ABDF2534EEE6001D8197 /* WeatherGiftUITests.swift */ = {isa = PBXFileReference; lastKnownFileType = sourcecode.swift; path = WeatherGiftUITests.swift; sourceTree = "<group>"; };
		5321ABE12534EEE6001D8197 /* Info.plist */ = {isa = PBXFileReference; lastKnownFileType = text.plist.xml; path = Info.plist; sourceTree = "<group>"; };
/* End PBXFileReference section */

/* Begin PBXFrameworksBuildPhase section */
		5321ABB72534EEDA001D8197 /* Frameworks */ = {
			isa = PBXFrameworksBuildPhase;
			buildActionMask = 2147483647;
			files = (
			);
			runOnlyForDeploymentPostprocessing = 0;
		};
		5321ABCD2534EEE6001D8197 /* Frameworks */ = {
			isa = PBXFrameworksBuildPhase;
			buildActionMask = 2147483647;
			files = (
			);
			runOnlyForDeploymentPostprocessing = 0;
		};
		5321ABD82534EEE6001D8197 /* Frameworks */ = {
			isa = PBXFrameworksBuildPhase;
			buildActionMask = 2147483647;
			files = (
			);
			runOnlyForDeploymentPostprocessing = 0;
		};
/* End PBXFrameworksBuildPhase section */

/* Begin PBXGroup section */
		5321ABB12534EEDA001D8197 = {
			isa = PBXGroup;
			children = (
				5321ABBC2534EEDA001D8197 /* WeatherGift */,
				5321ABD32534EEE6001D8197 /* WeatherGiftTests */,
				5321ABDE2534EEE6001D8197 /* WeatherGiftUITests */,
				5321ABBB2534EEDA001D8197 /* Products */,
			);
			sourceTree = "<group>";
		};
		5321ABBB2534EEDA001D8197 /* Products */ = {
			isa = PBXGroup;
			children = (
				5321ABBA2534EEDA001D8197 /* WeatherGift.app */,
				5321ABD02534EEE6001D8197 /* WeatherGiftTests.xctest */,
				5321ABDB2534EEE6001D8197 /* WeatherGiftUITests.xctest */,
			);
			name = Products;
			sourceTree = "<group>";
		};
		5321ABBC2534EEDA001D8197 /* WeatherGift */ = {
			isa = PBXGroup;
			children = (
				5321ABBD2534EEDA001D8197 /* AppDelegate.swift */,
				5321ABBF2534EEDA001D8197 /* SceneDelegate.swift */,
				5321ABC12534EEDA001D8197 /* ViewController.swift */,
				5321ABC32534EEDA001D8197 /* Main.storyboard */,
				5321ABC62534EEE5001D8197 /* Assets.xcassets */,
				5321ABC82534EEE5001D8197 /* LaunchScreen.storyboard */,
				5321ABCB2534EEE5001D8197 /* Info.plist */,
			);
			path = WeatherGift;
			sourceTree = "<group>";
		};
		5321ABD32534EEE6001D8197 /* WeatherGiftTests */ = {
			isa = PBXGroup;
			children = (
				5321ABD42534EEE6001D8197 /* WeatherGiftTests.swift */,
				5321ABD62534EEE6001D8197 /* Info.plist */,
			);
			path = WeatherGiftTests;
			sourceTree = "<group>";
		};
		5321ABDE2534EEE6001D8197 /* WeatherGiftUITests */ = {
			isa = PBXGroup;
			children = (
				5321ABDF2534EEE6001D8197 /* WeatherGiftUITests.swift */,
				5321ABE12534EEE6001D8197 /* Info.plist */,
			);
			path = WeatherGiftUITests;
			sourceTree = "<group>";
		};
/* End PBXGroup section */

/* Begin PBXNativeTarget section */
		5321ABB92534EEDA001D8197 /* WeatherGift */ = {
			isa = PBXNativeTarget;
			buildConfigurationList = 5321ABE42534EEE6001D8197 /* Build configuration list for PBXNativeTarget "WeatherGift" */;
			buildPhases = (
				5321ABB62534EEDA001D8197 /* Sources */,
				5321ABB72534EEDA001D8197 /* Frameworks */,
				5321ABB82534EEDA001D8197 /* Resources */,
			);
			buildRules = (
			);
			dependencies = (
			);
			name = WeatherGift;
			productName = WeatherGift;
			productReference = 5321ABBA2534EEDA001D8197 /* WeatherGift.app */;
			productType = "com.apple.product-type.application";
		};
		5321ABCF2534EEE6001D8197 /* WeatherGiftTests */ = {
			isa = PBXNativeTarget;
			buildConfigurationList = 5321ABE72534EEE6001D8197 /* Build configuration list for PBXNativeTarget "WeatherGiftTests" */;
			buildPhases = (
				5321ABCC2534EEE6001D8197 /* Sources */,
				5321ABCD2534EEE6001D8197 /* Frameworks */,
				5321ABCE2534EEE6001D8197 /* Resources */,
			);
			buildRules = (
			);
			dependencies = (
				5321ABD22534EEE6001D8197 /* PBXTargetDependency */,
			);
			name = WeatherGiftTests;
			productName = WeatherGiftTests;
			productReference = 5321ABD02534EEE6001D8197 /* WeatherGiftTests.xctest */;
			productType = "com.apple.product-type.bundle.unit-test";
		};
		5321ABDA2534EEE6001D8197 /* WeatherGiftUITests */ = {
			isa = PBXNativeTarget;
			buildConfigurationList = 5321ABEA2534EEE6001D8197 /* Build configuration list for PBXNativeTarget "WeatherGiftUITests" */;
			buildPhases = (
				5321ABD72534EEE6001D8197 /* Sources */,
				5321ABD82534EEE6001D8197 /* Frameworks */,
				5321ABD92534EEE6001D8197 /* Resources */,
			);
			buildRules = (
			);
			dependencies = (
				5321ABDD2534EEE6001D8197 /* PBXTargetDependency */,
			);
			name = WeatherGiftUITests;
			productName = WeatherGiftUITests;
			productReference = 5321ABDB2534EEE6001D8197 /* WeatherGiftUITests.xctest */;
			productType = "com.apple.product-type.bundle.ui-testing";
		};
/* End PBXNativeTarget section */

/* Begin PBXProject section */
		5321ABB22534EEDA001D8197 /* Project object */ = {
			isa = PBXProject;
			attributes = {
				LastSwiftUpdateCheck = 1170;
				LastUpgradeCheck = 1170;
				ORGANIZATIONNAME = "Morgan Prime";
				TargetAttributes = {
					5321ABB92534EEDA001D8197 = {
						CreatedOnToolsVersion = 11.7;
					};
					5321ABCF2534EEE6001D8197 = {
						CreatedOnToolsVersion = 11.7;
						TestTargetID = 5321ABB92534EEDA001D8197;
					};
					5321ABDA2534EEE6001D8197 = {
						CreatedOnToolsVersion = 11.7;
						TestTargetID = 5321ABB92534EEDA001D8197;
					};
				};
			};
			buildConfigurationList = 5321ABB52534EEDA001D8197 /* Build configuration list for PBXProject "WeatherGift" */;
			compatibilityVersion = "Xcode 9.3";
			developmentRegion = en;
			hasScannedForEncodings = 0;
			knownRegions = (
				en,
				Base,
			);
			mainGroup = 5321ABB12534EEDA001D8197;
			productRefGroup = 5321ABBB2534EEDA001D8197 /* Products */;
			projectDirPath = "";
			projectRoot = "";
			targets = (
				5321ABB92534EEDA001D8197 /* WeatherGift */,
				5321ABCF2534EEE6001D8197 /* WeatherGiftTests */,
				5321ABDA2534EEE6001D8197 /* WeatherGiftUITests */,
			);
		};
/* End PBXProject section */

/* Begin PBXResourcesBuildPhase section */
		5321ABB82534EEDA001D8197 /* Resources */ = {
			isa = PBXResourcesBuildPhase;
			buildActionMask = 2147483647;
			files = (
				5321ABCA2534EEE5001D8197 /* LaunchScreen.storyboard in Resources */,
				5321ABC72534EEE5001D8197 /* Assets.xcassets in Resources */,
				5321ABC52534EEDA001D8197 /* Main.storyboard in Resources */,
			);
			runOnlyForDeploymentPostprocessing = 0;
		};
		5321ABCE2534EEE6001D8197 /* Resources */ = {
			isa = PBXResourcesBuildPhase;
			buildActionMask = 2147483647;
			files = (
			);
			runOnlyForDeploymentPostprocessing = 0;
		};
		5321ABD92534EEE6001D8197 /* Resources */ = {
			isa = PBXResourcesBuildPhase;
			buildActionMask = 2147483647;
			files = (
			);
			runOnlyForDeploymentPostprocessing = 0;
		};
/* End PBXResourcesBuildPhase section */

/* Begin PBXSourcesBuildPhase section */
		5321ABB62534EEDA001D8197 /* Sources */ = {
			isa = PBXSourcesBuildPhase;
			buildActionMask = 2147483647;
			files = (
				5321ABC22534EEDA001D8197 /* ViewController.swift in Sources */,
				5321ABBE2534EEDA001D8197 /* AppDelegate.swift in Sources */,
				5321ABC02534EEDA001D8197 /* SceneDelegate.swift in Sources */,
			);
			runOnlyForDeploymentPostprocessing = 0;
		};
		5321ABCC2534EEE6001D8197 /* Sources */ = {
			isa = PBXSourcesBuildPhase;
			buildActionMask = 2147483647;
			files = (
				5321ABD52534EEE6001D8197 /* WeatherGiftTests.swift in Sources */,
			);
			runOnlyForDeploymentPostprocessing = 0;
		};
		5321ABD72534EEE6001D8197 /* Sources */ = {
			isa = PBXSourcesBuildPhase;
			buildActionMask = 2147483647;
			files = (
				5321ABE02534EEE6001D8197 /* WeatherGiftUITests.swift in Sources */,
			);
			runOnlyForDeploymentPostprocessing = 0;
		};
/* End PBXSourcesBuildPhase section */

/* Begin PBXTargetDependency section */
		5321ABD22534EEE6001D8197 /* PBXTargetDependency */ = {
			isa = PBXTargetDependency;
			target = 5321ABB92534EEDA001D8197 /* WeatherGift */;
			targetProxy = 5321ABD12534EEE6001D8197 /* PBXContainerItemProxy */;
		};
		5321ABDD2534EEE6001D8197 /* PBXTargetDependency */ = {
			isa = PBXTargetDependency;
			target = 5321ABB92534EEDA001D8197 /* WeatherGift */;
			targetProxy = 5321ABDC2534EEE6001D8197 /* PBXContainerItemProxy */;
		};
/* End PBXTargetDependency section */

/* Begin PBXVariantGroup section */
		5321ABC32534EEDA001D8197 /* Main.storyboard */ = {
			isa = PBXVariantGroup;
			children = (
				5321ABC42534EEDA001D8197 /* Base */,
			);
			name = Main.storyboard;
			sourceTree = "<group>";
		};
		5321ABC82534EEE5001D8197 /* LaunchScreen.storyboard */ = {
			isa = PBXVariantGroup;
			children = (
				5321ABC92534EEE5001D8197 /* Base */,
			);
			name = LaunchScreen.storyboard;
			sourceTree = "<group>";
		};
/* End PBXVariantGroup section */

/* Begin XCBuildConfiguration section */
		5321ABE22534EEE6001D8197 /* Debug */ = {
			isa = XCBuildConfiguration;
			buildSettings = {
				ALWAYS_SEARCH_USER_PATHS = NO;
				CLANG_ANALYZER_NONNULL = YES;
				CLANG_ANALYZER_NUMBER_OBJECT_CONVERSION = YES_AGGRESSIVE;
				CLANG_CXX_LANGUAGE_STANDARD = "gnu++14";
				CLANG_CXX_LIBRARY = "libc++";
				CLANG_ENABLE_MODULES = YES;
				CLANG_ENABLE_OBJC_ARC = YES;
				CLANG_ENABLE_OBJC_WEAK = YES;
				CLANG_WARN_BLOCK_CAPTURE_AUTORELEASING = YES;
				CLANG_WARN_BOOL_CONVERSION = YES;
				CLANG_WARN_COMMA = YES;
				CLANG_WARN_CONSTANT_CONVERSION = YES;
				CLANG_WARN_DEPRECATED_OBJC_IMPLEMENTATIONS = YES;
				CLANG_WARN_DIRECT_OBJC_ISA_USAGE = YES_ERROR;
				CLANG_WARN_DOCUMENTATION_COMMENTS = YES;
				CLANG_WARN_EMPTY_BODY = YES;
				CLANG_WARN_ENUM_CONVERSION = YES;
				CLANG_WARN_INFINITE_RECURSION = YES;
				CLANG_WARN_INT_CONVERSION = YES;
				CLANG_WARN_NON_LITERAL_NULL_CONVERSION = YES;
				CLANG_WARN_OBJC_IMPLICIT_RETAIN_SELF = YES;
				CLANG_WARN_OBJC_LITERAL_CONVERSION = YES;
				CLANG_WARN_OBJC_ROOT_CLASS = YES_ERROR;
				CLANG_WARN_RANGE_LOOP_ANALYSIS = YES;
				CLANG_WARN_STRICT_PROTOTYPES = YES;
				CLANG_WARN_SUSPICIOUS_MOVE = YES;
				CLANG_WARN_UNGUARDED_AVAILABILITY = YES_AGGRESSIVE;
				CLANG_WARN_UNREACHABLE_CODE = YES;
				CLANG_WARN__DUPLICATE_METHOD_MATCH = YES;
				COPY_PHASE_STRIP = NO;
				DEBUG_INFORMATION_FORMAT = dwarf;
				ENABLE_STRICT_OBJC_MSGSEND = YES;
				ENABLE_TESTABILITY = YES;
				GCC_C_LANGUAGE_STANDARD = gnu11;
				GCC_DYNAMIC_NO_PIC = NO;
				GCC_NO_COMMON_BLOCKS = YES;
				GCC_OPTIMIZATION_LEVEL = 0;
				GCC_PREPROCESSOR_DEFINITIONS = (
					"DEBUG=1",
					"$(inherited)",
				);
				GCC_WARN_64_TO_32_BIT_CONVERSION = YES;
				GCC_WARN_ABOUT_RETURN_TYPE = YES_ERROR;
				GCC_WARN_UNDECLARED_SELECTOR = YES;
				GCC_WARN_UNINITIALIZED_AUTOS = YES_AGGRESSIVE;
				GCC_WARN_UNUSED_FUNCTION = YES;
				GCC_WARN_UNUSED_VARIABLE = YES;
				IPHONEOS_DEPLOYMENT_TARGET = 13.7;
				MTL_ENABLE_DEBUG_INFO = INCLUDE_SOURCE;
				MTL_FAST_MATH = YES;
				ONLY_ACTIVE_ARCH = YES;
				SDKROOT = iphoneos;
				SWIFT_ACTIVE_COMPILATION_CONDITIONS = DEBUG;
				SWIFT_OPTIMIZATION_LEVEL = "-Onone";
			};
			name = Debug;
		};
		5321ABE32534EEE6001D8197 /* Release */ = {
			isa = XCBuildConfiguration;
			buildSettings = {
				ALWAYS_SEARCH_USER_PATHS = NO;
				CLANG_ANALYZER_NONNULL = YES;
				CLANG_ANALYZER_NUMBER_OBJECT_CONVERSION = YES_AGGRESSIVE;
				CLANG_CXX_LANGUAGE_STANDARD = "gnu++14";
				CLANG_CXX_LIBRARY = "libc++";
				CLANG_ENABLE_MODULES = YES;
				CLANG_ENABLE_OBJC_ARC = YES;
				CLANG_ENABLE_OBJC_WEAK = YES;
				CLANG_WARN_BLOCK_CAPTURE_AUTORELEASING = YES;
				CLANG_WARN_BOOL_CONVERSION = YES;
				CLANG_WARN_COMMA = YES;
				CLANG_WARN_CONSTANT_CONVERSION = YES;
				CLANG_WARN_DEPRECATED_OBJC_IMPLEMENTATIONS = YES;
				CLANG_WARN_DIRECT_OBJC_ISA_USAGE = YES_ERROR;
				CLANG_WARN_DOCUMENTATION_COMMENTS = YES;
				CLANG_WARN_EMPTY_BODY = YES;
				CLANG_WARN_ENUM_CONVERSION = YES;
				CLANG_WARN_INFINITE_RECURSION = YES;
				CLANG_WARN_INT_CONVERSION = YES;
				CLANG_WARN_NON_LITERAL_NULL_CONVERSION = YES;
				CLANG_WARN_OBJC_IMPLICIT_RETAIN_SELF = YES;
				CLANG_WARN_OBJC_LITERAL_CONVERSION = YES;
				CLANG_WARN_OBJC_ROOT_CLASS = YES_ERROR;
				CLANG_WARN_RANGE_LOOP_ANALYSIS = YES;
				CLANG_WARN_STRICT_PROTOTYPES = YES;
				CLANG_WARN_SUSPICIOUS_MOVE = YES;
				CLANG_WARN_UNGUARDED_AVAILABILITY = YES_AGGRESSIVE;
				CLANG_WARN_UNREACHABLE_CODE = YES;
				CLANG_WARN__DUPLICATE_METHOD_MATCH = YES;
				COPY_PHASE_STRIP = NO;
				DEBUG_INFORMATION_FORMAT = "dwarf-with-dsym";
				ENABLE_NS_ASSERTIONS = NO;
				ENABLE_STRICT_OBJC_MSGSEND = YES;
				GCC_C_LANGUAGE_STANDARD = gnu11;
				GCC_NO_COMMON_BLOCKS = YES;
				GCC_WARN_64_TO_32_BIT_CONVERSION = YES;
				GCC_WARN_ABOUT_RETURN_TYPE = YES_ERROR;
				GCC_WARN_UNDECLARED_SELECTOR = YES;
				GCC_WARN_UNINITIALIZED_AUTOS = YES_AGGRESSIVE;
				GCC_WARN_UNUSED_FUNCTION = YES;
				GCC_WARN_UNUSED_VARIABLE = YES;
				IPHONEOS_DEPLOYMENT_TARGET = 13.7;
				MTL_ENABLE_DEBUG_INFO = NO;
				MTL_FAST_MATH = YES;
				SDKROOT = iphoneos;
				SWIFT_COMPILATION_MODE = wholemodule;
				SWIFT_OPTIMIZATION_LEVEL = "-O";
				VALIDATE_PRODUCT = YES;
			};
			name = Release;
		};
		5321ABE52534EEE6001D8197 /* Debug */ = {
			isa = XCBuildConfiguration;
			buildSettings = {
				ASSETCATALOG_COMPILER_APPICON_NAME = AppIcon;
				CODE_SIGN_STYLE = Automatic;
				DEVELOPMENT_TEAM = 6JVA532KWR;
				INFOPLIST_FILE = WeatherGift/Info.plist;
				LD_RUNPATH_SEARCH_PATHS = (
					"$(inherited)",
					"@executable_path/Frameworks",
				);
				PRODUCT_BUNDLE_IDENTIFIER = primem.WeatherGift;
				PRODUCT_NAME = "$(TARGET_NAME)";
				SWIFT_VERSION = 5.0;
				TARGETED_DEVICE_FAMILY = "1,2";
			};
			name = Debug;
		};
		5321ABE62534EEE6001D8197 /* Release */ = {
			isa = XCBuildConfiguration;
			buildSettings = {
				ASSETCATALOG_COMPILER_APPICON_NAME = AppIcon;
				CODE_SIGN_STYLE = Automatic;
				DEVELOPMENT_TEAM = 6JVA532KWR;
				INFOPLIST_FILE = WeatherGift/Info.plist;
				LD_RUNPATH_SEARCH_PATHS = (
					"$(inherited)",
					"@executable_path/Frameworks",
				);
				PRODUCT_BUNDLE_IDENTIFIER = primem.WeatherGift;
				PRODUCT_NAME = "$(TARGET_NAME)";
				SWIFT_VERSION = 5.0;
				TARGETED_DEVICE_FAMILY = "1,2";
			};
			name = Release;
		};
		5321ABE82534EEE6001D8197 /* Debug */ = {
			isa = XCBuildConfiguration;
			buildSettings = {
				ALWAYS_EMBED_SWIFT_STANDARD_LIBRARIES = YES;
				BUNDLE_LOADER = "$(TEST_HOST)";
				CODE_SIGN_STYLE = Automatic;
				DEVELOPMENT_TEAM = 6JVA532KWR;
				INFOPLIST_FILE = WeatherGiftTests/Info.plist;
				IPHONEOS_DEPLOYMENT_TARGET = 13.7;
				LD_RUNPATH_SEARCH_PATHS = (
					"$(inherited)",
					"@executable_path/Frameworks",
					"@loader_path/Frameworks",
				);
				PRODUCT_BUNDLE_IDENTIFIER = primem.WeatherGiftTests;
				PRODUCT_NAME = "$(TARGET_NAME)";
				SWIFT_VERSION = 5.0;
				TARGETED_DEVICE_FAMILY = "1,2";
				TEST_HOST = "$(BUILT_PRODUCTS_DIR)/WeatherGift.app/WeatherGift";
			};
			name = Debug;
		};
		5321ABE92534EEE6001D8197 /* Release */ = {
			isa = XCBuildConfiguration;
			buildSettings = {
				ALWAYS_EMBED_SWIFT_STANDARD_LIBRARIES = YES;
				BUNDLE_LOADER = "$(TEST_HOST)";
				CODE_SIGN_STYLE = Automatic;
				DEVELOPMENT_TEAM = 6JVA532KWR;
				INFOPLIST_FILE = WeatherGiftTests/Info.plist;
				IPHONEOS_DEPLOYMENT_TARGET = 13.7;
				LD_RUNPATH_SEARCH_PATHS = (
					"$(inherited)",
					"@executable_path/Frameworks",
					"@loader_path/Frameworks",
				);
				PRODUCT_BUNDLE_IDENTIFIER = primem.WeatherGiftTests;
				PRODUCT_NAME = "$(TARGET_NAME)";
				SWIFT_VERSION = 5.0;
				TARGETED_DEVICE_FAMILY = "1,2";
				TEST_HOST = "$(BUILT_PRODUCTS_DIR)/WeatherGift.app/WeatherGift";
			};
			name = Release;
		};
		5321ABEB2534EEE6001D8197 /* Debug */ = {
			isa = XCBuildConfiguration;
			buildSettings = {
				ALWAYS_EMBED_SWIFT_STANDARD_LIBRARIES = YES;
				CODE_SIGN_STYLE = Automatic;
				DEVELOPMENT_TEAM = 6JVA532KWR;
				INFOPLIST_FILE = WeatherGiftUITests/Info.plist;
				LD_RUNPATH_SEARCH_PATHS = (
					"$(inherited)",
					"@executable_path/Frameworks",
					"@loader_path/Frameworks",
				);
				PRODUCT_BUNDLE_IDENTIFIER = primem.WeatherGiftUITests;
				PRODUCT_NAME = "$(TARGET_NAME)";
				SWIFT_VERSION = 5.0;
				TARGETED_DEVICE_FAMILY = "1,2";
				TEST_TARGET_NAME = WeatherGift;
			};
			name = Debug;
		};
		5321ABEC2534EEE6001D8197 /* Release */ = {
			isa = XCBuildConfiguration;
			buildSettings = {
				ALWAYS_EMBED_SWIFT_STANDARD_LIBRARIES = YES;
				CODE_SIGN_STYLE = Automatic;
				DEVELOPMENT_TEAM = 6JVA532KWR;
				INFOPLIST_FILE = WeatherGiftUITests/Info.plist;
				LD_RUNPATH_SEARCH_PATHS = (
					"$(inherited)",
					"@executable_path/Frameworks",
					"@loader_path/Frameworks",
				);
				PRODUCT_BUNDLE_IDENTIFIER = primem.WeatherGiftUITests;
				PRODUCT_NAME = "$(TARGET_NAME)";
				SWIFT_VERSION = 5.0;
				TARGETED_DEVICE_FAMILY = "1,2";
				TEST_TARGET_NAME = WeatherGift;
			};
			name = Release;
		};
/* End XCBuildConfiguration section */

/* Begin XCConfigurationList section */
		5321ABB52534EEDA001D8197 /* Build configuration list for PBXProject "WeatherGift" */ = {
			isa = XCConfigurationList;
			buildConfigurations = (
				5321ABE22534EEE6001D8197 /* Debug */,
				5321ABE32534EEE6001D8197 /* Release */,
			);
			defaultConfigurationIsVisible = 0;
			defaultConfigurationName = Release;
		};
		5321ABE42534EEE6001D8197 /* Build configuration list for PBXNativeTarget "WeatherGift" */ = {
			isa = XCConfigurationList;
			buildConfigurations = (
				5321ABE52534EEE6001D8197 /* Debug */,
				5321ABE62534EEE6001D8197 /* Release */,
			);
			defaultConfigurationIsVisible = 0;
			defaultConfigurationName = Release;
		};
		5321ABE72534EEE6001D8197 /* Build configuration list for PBXNativeTarget "WeatherGiftTests" */ = {
			isa = XCConfigurationList;
			buildConfigurations = (
				5321ABE82534EEE6001D8197 /* Debug */,
				5321ABE92534EEE6001D8197 /* Release */,
			);
			defaultConfigurationIsVisible = 0;
			defaultConfigurationName = Release;
		};
		5321ABEA2534EEE6001D8197 /* Build configuration list for PBXNativeTarget "WeatherGiftUITests" */ = {
			isa = XCConfigurationList;
			buildConfigurations = (
				5321ABEB2534EEE6001D8197 /* Debug */,
				5321ABEC2534EEE6001D8197 /* Release */,
			);
			defaultConfigurationIsVisible = 0;
			defaultConfigurationName = Release;
		};
/* End XCConfigurationList section */
	};
	rootObject = 5321ABB22534EEDA001D8197 /* Project object */;
}
